
Microsoft Visual Studio Solution File, Format Version 12.00
# Visual Studio Version 17
VisualStudioVersion = 17.7.34024.191
MinimumVisualStudioVersion = 10.0.40219.1
Project("{9A19103F-16F7-4668-BE54-9A1E7A4F7556}") = "WeatherAPI", "WeatherAPI\WeatherAPI.csproj", "{1B1935E1-58FD-4CE8-B43B-99BDF2569919}"
EndProject
Project("{9A19103F-16F7-4668-BE54-9A1E7A4F7556}") = "Domain", "Domain\Domain.csproj", "{04AF8308-15A9-4005-8B5D-892B98DB504D}"
EndProject
Project("{9A19103F-16F7-4668-BE54-9A1E7A4F7556}") = "Application", "Application\Application.csproj", "{826C7770-7A38-4A58-9ACA-311610EBBB5E}"
EndProject
Project("{9A19103F-16F7-4668-BE54-9A1E7A4F7556}") = "Infrastructure", "Infrastructure\Infrastructure.csproj", "{AF605230-40C2-484A-AD90-4EC1628073F7}"
EndProject
Project("{FAE04EC0-301F-11D3-BF4B-00C04F79EFBC}") = "Common", "Common\Common.csproj", "{D9695ED4-BA99-4CBA-BE49-2EF72AF74DA8}"
EndProject
Global
	GlobalSection(SolutionConfigurationPlatforms) = preSolution
		Debug|Any CPU = Debug|Any CPU
		Release|Any CPU = Release|Any CPU
	EndGlobalSection
	GlobalSection(ProjectConfigurationPlatforms) = postSolution
		{1B1935E1-58FD-4CE8-B43B-99BDF2569919}.Debug|Any CPU.ActiveCfg = Debug|Any CPU
		{1B1935E1-58FD-4CE8-B43B-99BDF2569919}.Debug|Any CPU.Build.0 = Debug|Any CPU
		{1B1935E1-58FD-4CE8-B43B-99BDF2569919}.Release|Any CPU.ActiveCfg = Release|Any CPU
		{1B1935E1-58FD-4CE8-B43B-99BDF2569919}.Release|Any CPU.Build.0 = Release|Any CPU
		{04AF8308-15A9-4005-8B5D-892B98DB504D}.Debug|Any CPU.ActiveCfg = Debug|Any CPU
		{04AF8308-15A9-4005-8B5D-892B98DB504D}.Debug|Any CPU.Build.0 = Debug|Any CPU
		{04AF8308-15A9-4005-8B5D-892B98DB504D}.Release|Any CPU.ActiveCfg = Release|Any CPU
		{04AF8308-15A9-4005-8B5D-892B98DB504D}.Release|Any CPU.Build.0 = Release|Any CPU
		{826C7770-7A38-4A58-9ACA-311610EBBB5E}.Debug|Any CPU.ActiveCfg = Debug|Any CPU
		{826C7770-7A38-4A58-9ACA-311610EBBB5E}.Debug|Any CPU.Build.0 = Debug|Any CPU
		{826C7770-7A38-4A58-9ACA-311610EBBB5E}.Release|Any CPU.ActiveCfg = Release|Any CPU
		{826C7770-7A38-4A58-9ACA-311610EBBB5E}.Release|Any CPU.Build.0 = Release|Any CPU
		{AF605230-40C2-484A-AD90-4EC1628073F7}.Debug|Any CPU.ActiveCfg = Debug|Any CPU
		{AF605230-40C2-484A-AD90-4EC1628073F7}.Debug|Any CPU.Build.0 = Debug|Any CPU
		{AF605230-40C2-484A-AD90-4EC1628073F7}.Release|Any CPU.ActiveCfg = Release|Any CPU
		{AF605230-40C2-484A-AD90-4EC1628073F7}.Release|Any CPU.Build.0 = Release|Any CPU
		{D9695ED4-BA99-4CBA-BE49-2EF72AF74DA8}.Debug|Any CPU.ActiveCfg = Debug|Any CPU
		{D9695ED4-BA99-4CBA-BE49-2EF72AF74DA8}.Debug|Any CPU.Build.0 = Debug|Any CPU
		{D9695ED4-BA99-4CBA-BE49-2EF72AF74DA8}.Release|Any CPU.ActiveCfg = Release|Any CPU
		{D9695ED4-BA99-4CBA-BE49-2EF72AF74DA8}.Release|Any CPU.Build.0 = Release|Any CPU
	EndGlobalSection
	GlobalSection(SolutionProperties) = preSolution
		HideSolutionNode = FALSE
	EndGlobalSection
	GlobalSection(ExtensibilityGlobals) = postSolution
		SolutionGuid = {8B4CDA95-1F34-406E-821A-9559FEEE9E0B}
	EndGlobalSection
EndGlobal
